{"version":4,"terraform_version":"1.8.2","serial":6,"lineage":"822aea67-89ae-0e83-cb48-2a0bf42483e2","outputs":{"ip":{"value":"34.118.40.56","type":"string"}},"resources":[{"mode":"managed","type":"google_compute_address","name":"static","provider":"provider[\"registry.opentofu.org/hashicorp/google\"]","instances":[{"schema_version":0,"attributes":{"address":"34.118.40.56","address_type":"EXTERNAL","creation_timestamp":"2024-10-03T07:12:17.346-07:00","description":"","effective_labels":{"goog-terraform-provisioned":"true"},"id":"projects/tf-gcp-96199/regions/europe-central2/addresses/ipv4-address","ip_version":"","ipv6_endpoint_type":"","label_fingerprint":"vezUS-42LLM=","labels":null,"name":"ipv4-address","network":"","network_tier":"PREMIUM","prefix_length":0,"project":"tf-gcp-96199","purpose":"","region":"europe-central2","self_link":"https://www.googleapis.com/compute/v1/projects/tf-gcp-96199/regions/europe-central2/addresses/ipv4-address","subnetwork":"","terraform_labels":{"goog-terraform-provisioned":"true"},"timeouts":null,"users":[]},"sensitive_attributes":[],"private":"eyJlMmJmYjczMC1lY2FhLTExZTYtOGY4OC0zNDM2M2JjN2M0YzAiOnsiY3JlYXRlIjoxMjAwMDAwMDAwMDAwLCJkZWxldGUiOjEyMDAwMDAwMDAwMDAsInVwZGF0ZSI6MTIwMDAwMDAwMDAwMH19"}]},{"mode":"managed","type":"google_compute_firewall","name":"ssh-server","provider":"provider[\"registry.opentofu.org/hashicorp/google\"]","instances":[{"schema_version":1,"attributes":{"allow":[{"ports":["22"],"protocol":"tcp"}],"creation_timestamp":"2024-10-03T07:13:00.678-07:00","deny":[],"description":"","destination_ranges":[],"direction":"INGRESS","disabled":false,"enable_logging":null,"id":"projects/tf-gcp-96199/global/firewalls/default-allow-ssh-terraform","log_config":[],"name":"default-allow-ssh-terraform","network":"https://www.googleapis.com/compute/v1/projects/tf-gcp-96199/global/networks/vpc-network","priority":1000,"project":"tf-gcp-96199","self_link":"https://www.googleapis.com/compute/v1/projects/tf-gcp-96199/global/firewalls/default-allow-ssh-terraform","source_ranges":["0.0.0.0/0"],"source_service_accounts":null,"source_tags":null,"target_service_accounts":null,"target_tags":["ssh-server"],"timeouts":null},"sensitive_attributes":[],"private":"eyJlMmJmYjczMC1lY2FhLTExZTYtOGY4OC0zNDM2M2JjN2M0YzAiOnsiY3JlYXRlIjoxMjAwMDAwMDAwMDAwLCJkZWxldGUiOjEyMDAwMDAwMDAwMDAsInVwZGF0ZSI6MTIwMDAwMDAwMDAwMH0sInNjaGVtYV92ZXJzaW9uIjoiMSJ9","dependencies":["google_compute_network.vpc_network"]}]},{"mode":"managed","type":"google_compute_instance","name":"vm_instance","provider":"provider[\"registry.opentofu.org/hashicorp/google\"]","instances":[{"schema_version":6,"attributes":{"advanced_machine_features":[],"allow_stopping_for_update":null,"attached_disk":[],"boot_disk":[{"auto_delete":true,"device_name":"persistent-disk-0","disk_encryption_key_raw":"","disk_encryption_key_sha256":"","initialize_params":[{"enable_confidential_compute":false,"image":"https://www.googleapis.com/compute/v1/projects/ubuntu-os-cloud/global/images/ubuntu-2004-focal-v20210415","labels":{},"provisioned_iops":0,"provisioned_throughput":0,"resource_manager_tags":null,"resource_policies":null,"size":10,"storage_pool":"","type":"pd-standard"}],"interface":"","kms_key_self_link":"","mode":"READ_WRITE","source":"https://www.googleapis.com/compute/v1/projects/tf-gcp-96199/zones/europe-central2-a/disks/opentofu-instance"}],"can_ip_forward":false,"confidential_instance_config":[],"cpu_platform":"Intel Broadwell","current_status":"RUNNING","deletion_protection":false,"description":"","desired_status":null,"effective_labels":{"goog-terraform-provisioned":"true"},"enable_display":false,"guest_accelerator":[],"hostname":"","id":"projects/tf-gcp-96199/zones/europe-central2-a/instances/opentofu-instance","instance_id":"511730938205640834","label_fingerprint":"vezUS-42LLM=","labels":null,"machine_type":"f1-micro","metadata":{"sshKeys":"tofuser:ssh-rsa AAAAB3NzaC1yc2EAAAADAQABAAACAQDguA9jwPb04PxGAb33sQbH4wMWcwqpLW9UFDFml4YF9Zbqz4F+dNbqqCw2+dZteoG6nFjz6CiFvdrPh+nHZQpYUH9apMZx+IpYZyqSF67WwnVcnsN+wpUngG8h2Bt5nwe8O/IZQOD/LwUI7mXrknCjPLFHSntXd0ECZ9WLLOSfsxF7OC9bUo9E3MCEQiHTFpZQ5+UpJw10nXftWNuwdeLPUNt/4Fm/gbKoIJDHairgAyeEJOWNv42jMIdUAjG2Kz4p5ypr2R3YhfB5tlUbbi1tXmXcLwmQ2L9vPAHVNccExEf2Yb8EUaAPYroFwe/Np6L3NJbgcfusVMHpnPj2Zof3d0vP21L6AHzMA/7RRUfN7725bm6IWVPOb9ErfhBdidft/WM3sUvKazPETwaHpdF8+9gmVLpx6ZG7fsW0BiIPyM+taya+CNG1HrcHXFdKwhuQ3mnpes0TrbfVHe7pTc0worT+RPy+0bTdaYnRvqSHIQ2uOmd9tkd1KIFlH76I/tquDnJ6vvuTdDoHA89qe3YN7xCy9B61NkkvRtEA3Lq8Ufss0mMk8T9XcOdeIbdSfRcW/Q79CQxJC2aoow25Cqao38g5Gu/oEJtbVYNdT7luAgVuic6L3lC352ubVyvJLab1JNbY1eSp7jJfxKgmMhFuLU2b3uGDd5EKqYrgK0CUfw== mvives@Docents-MacBook-Air.local\n"},"metadata_fingerprint":"30or6gehKck=","metadata_startup_script":null,"min_cpu_platform":"","name":"opentofu-instance","network_interface":[{"access_config":[{"nat_ip":"34.118.40.56","network_tier":"PREMIUM","public_ptr_domain_name":""}],"alias_ip_range":[],"internal_ipv6_prefix_length":0,"ipv6_access_config":[],"ipv6_access_type":"","ipv6_address":"","name":"nic0","network":"https://www.googleapis.com/compute/v1/projects/tf-gcp-96199/global/networks/vpc-network","network_ip":"10.186.0.2","nic_type":"","queue_count":0,"stack_type":"IPV4_ONLY","subnetwork":"https://www.googleapis.com/compute/v1/projects/tf-gcp-96199/regions/europe-central2/subnetworks/vpc-network","subnetwork_project":"tf-gcp-96199"}],"network_performance_config":[],"params":[],"project":"tf-gcp-96199","reservation_affinity":[],"resource_policies":null,"scheduling":[{"automatic_restart":true,"instance_termination_action":"","local_ssd_recovery_timeout":[],"max_run_duration":[],"min_node_cpus":0,"node_affinities":[],"on_host_maintenance":"MIGRATE","on_instance_stop_action":[],"preemptible":false,"provisioning_model":"STANDARD"}],"scratch_disk":[],"self_link":"https://www.googleapis.com/compute/v1/projects/tf-gcp-96199/zones/europe-central2-a/instances/opentofu-instance","service_account":[],"shielded_instance_config":[{"enable_integrity_monitoring":true,"enable_secure_boot":false,"enable_vtpm":true}],"tags":["ssh-server"],"tags_fingerprint":"C1rDAq8yb_M=","terraform_labels":{"goog-terraform-provisioned":"true"},"timeouts":null,"zone":"europe-central2-a"},"sensitive_attributes":[[{"type":"get_attr","value":"boot_disk"},{"type":"index","value":{"value":0,"type":"number"}},{"type":"get_attr","value":"disk_encryption_key_raw"}]],"private":"eyJlMmJmYjczMC1lY2FhLTExZTYtOGY4OC0zNDM2M2JjN2M0YzAiOnsiY3JlYXRlIjoxMjAwMDAwMDAwMDAwLCJkZWxldGUiOjEyMDAwMDAwMDAwMDAsInVwZGF0ZSI6MTIwMDAwMDAwMDAwMH0sInNjaGVtYV92ZXJzaW9uIjoiNiJ9","dependencies":["google_compute_address.static","google_compute_network.vpc_network"]}]},{"mode":"managed","type":"google_compute_network","name":"vpc_network","provider":"provider[\"registry.opentofu.org/hashicorp/google\"]","instances":[{"schema_version":0,"attributes":{"auto_create_subnetworks":true,"delete_default_routes_on_create":false,"description":"","enable_ula_internal_ipv6":false,"gateway_ipv4":"","id":"projects/tf-gcp-96199/global/networks/vpc-network","internal_ipv6_range":"","mtu":0,"name":"vpc-network","network_firewall_policy_enforcement_order":"AFTER_CLASSIC_FIREWALL","numeric_id":"2638394195367368877","project":"tf-gcp-96199","routing_mode":"REGIONAL","self_link":"https://www.googleapis.com/compute/v1/projects/tf-gcp-96199/global/networks/vpc-network","timeouts":null},"sensitive_attributes":[],"private":"eyJlMmJmYjczMC1lY2FhLTExZTYtOGY4OC0zNDM2M2JjN2M0YzAiOnsiY3JlYXRlIjoxMjAwMDAwMDAwMDAwLCJkZWxldGUiOjEyMDAwMDAwMDAwMDAsInVwZGF0ZSI6MTIwMDAwMDAwMDAwMH19"}]}],"check_results":null}
